github.com/dwi-wijonarko/go-say-hello v1.0.0 h1:U80KDbNxennHEv2UVBN+w85fHXvgNpck6C5mO3So6DA=
github.com/dwi-wijonarko/go-say-hello v1.0.0/go.mod h1:t9a8BKvsiQqO+7lXpO3bzUnabP1UE+CS69wag0rnn6Q=
github.com/dwi-wijonarko/go-say-hello v1.1.0 h1:QRNVv+2M9uhsybmpmPoy8bOlkY97jmm84EvpP+Rz3m8=
github.com/dwi-wijonarko/go-say-hello v1.1.0/go.mod h1:t9a8BKvsiQqO+7lXpO3bzUnabP1UE+CS69wag0rnn6Q=
